schema: '2.0'
stages:
  prepare:
    cmd: python Code/preprocess_data.py
    deps:
    - path: Code/preprocess_data.py
      md5: fea6be896222bf10a8ba2178bcc50a42
      size: 1759
    - path: data/raw/habibi.csv
      md5: dfff53e4fbf7b837acfaa4eec9926153
      size: 1096892
    params:
      params.yaml:
        prepare.normalize: 1
        prepare.remove_nonarabic: 1
        prepare.remove_punc: 1
        prepare.remove_repeats: 1
        prepare.remove_shadda: 1
        prepare.remove_stopwords: 1
        prepare.remove_tashkeel: 1
        prepare.remove_tatweel: 1
        prepare.stemming: 1
    outs:
    - path: data/processed/habibi.csv
      md5: 231197d6bc68f6fe27724476f7504dff
      size: 668116
  train:
    cmd: python Code/train.py
    deps:
    - path: Code/text_vectorization.py
      md5: 7d25e067c67da8553f841b9c769fcc89
      size: 1545
    - path: Code/train.py
      md5: 1184bf40355d5de3e21a37b00101fcbf
      size: 2925
    - path: data/processed/habibi.csv
      md5: 231197d6bc68f6fe27724476f7504dff
      size: 668116
    params:
      params.yaml:
        train.batch_size: 32
        train.cnn_kernels:
        - 3
        train.cnn_units:
        - 32
        train.dense_units:
        - 32
        - 32
        train.dropout_factor: 0.2
        train.embedding_dim: 100
        train.epochs: 100
        train.hidden_activation: relu
        train.input_length: 200
        train.learning_rate: 0.0003
        train.regularization_factor: 0.001
        train.validation_split: 0.2
        train.vocab_size: 10000
    outs:
    - path: model/lyrics_model.pkl
      md5: bc4b4a23a3f0402de91ee14450e39494
      size: 1896652
  evaluate:
    cmd: python Code/evaluate.py
    deps:
    - path: Code/evaluate.py
      md5: 8b1b279d4fc5d622bde8308cd24f5020
      size: 5129
    - path: data/eval/eval.json
      md5: b9c2383541a44f6efb7b21e1016d985d
      size: 144998
    - path: model/lyrics_model.pkl
      md5: bc4b4a23a3f0402de91ee14450e39494
      size: 1896652
    outs:
    - path: metrics/accuracy.json
      md5: 0e04a2ce623f90fffbab91edb59b3fe8
      size: 18
    - path: metrics/f1_score.json
      md5: 5469514dc0017dde9cc78f258aeff68e
      size: 32
    - path: metrics/happy_f1_score.json
      md5: e60aaf02d2697f9f8087602188a91831
      size: 32
    - path: metrics/happy_precision.json
      md5: 47f2bd3b6e899385130d0b1fb4d36add
      size: 33
    - path: metrics/happy_recall.json
      md5: a2eb4462d35b08698f0ac8a500e6741a
      size: 16
    - path: metrics/precision.json
      md5: ed11a63b3e121f7bc4f6661c72221053
      size: 33
    - path: metrics/recall.json
      md5: 91c8413f02d8fcdde966aa47c182e727
      size: 16
    - path: metrics/roc_auc.json
      md5: af9ac00d49c4f9f189e042e88b2380ee
      size: 37
    - path: metrics/sad_f1_score.json
      md5: 297171f1bb1bdd9db2e29a1d86f9e441
      size: 32
    - path: metrics/sad_precision.json
      md5: 21fb43ac532df13de635aca87672ecd7
      size: 33
    - path: metrics/sad_recall.json
      md5: c34712de663889ba2c7f9e825a2697ad
      size: 16
    - path: plots/classes.csv
      md5: 43489908dc88c93addb0117072efcb65
      size: 1120
