schema: '2.0'
stages:
  prepare:
    cmd: python Code/preprocess_data.py
    deps:
    - path: Code/preprocess_data.py
      md5: fea6be896222bf10a8ba2178bcc50a42
      size: 1759
    - path: data/raw/habibi.csv
      md5: dfff53e4fbf7b837acfaa4eec9926153
      size: 1096892
    params:
      params.yaml:
        prepare.normalize: 1
        prepare.remove_nonarabic: 1
        prepare.remove_punc: 1
        prepare.remove_repeats: 1
        prepare.remove_shadda: 1
        prepare.remove_stopwords: 1
        prepare.remove_tashkeel: 1
        prepare.remove_tatweel: 1
        prepare.stemming: 1
    outs:
    - path: data/processed/habibi.csv
      md5: 231197d6bc68f6fe27724476f7504dff
      size: 668116
  train:
    cmd: python Code/train.py
    deps:
    - path: Code/text_vectorization.py
      md5: 7d25e067c67da8553f841b9c769fcc89
      size: 1545
    - path: Code/train.py
      md5: d270d0ca79d47cf0139f293a3da5b5b5
      size: 2926
    - path: data/processed/habibi.csv
      md5: 231197d6bc68f6fe27724476f7504dff
      size: 668116
    params:
      params.yaml:
        train.batch_size: 32
        train.cnn_kernels:
        - 3
        train.cnn_units:
        - 32
        train.dense_units:
        - 32
        - 32
        train.dropout_factor: 0.2
        train.embedding_dim: 100
        train.epochs: 100
        train.hidden_activation: relu
        train.input_length: 200
        train.learning_rate: 0.0003
        train.regularization_factor: 0.001
        train.validation_split: 0.2
        train.vocab_size: 10000
    outs:
    - path: model/lyrics_model.pkl
      md5: f6acdb1366f478d75cf1b45fac17a58d
      size: 1838730
  evaluate:
    cmd: python Code/evaluate.py
    deps:
    - path: Code/evaluate.py
      md5: 8b1b279d4fc5d622bde8308cd24f5020
      size: 5129
    - path: data/eval/eval.json
      md5: b9c2383541a44f6efb7b21e1016d985d
      size: 144998
    - path: model/lyrics_model.pkl
      md5: f6acdb1366f478d75cf1b45fac17a58d
      size: 1838730
    outs:
    - path: metrics/accuracy.json
      md5: bc6f5b3d0886dcb478bacd229dea7bd0
      size: 18
    - path: metrics/f1_score.json
      md5: 383d7078b601d6bdc1f78f8d23d41ce1
      size: 32
    - path: metrics/happy_f1_score.json
      md5: e6fb77572a23bf617d0a8b28b3abbef6
      size: 32
    - path: metrics/happy_precision.json
      md5: 1702407c9276dac25401ea838c2ac5bd
      size: 33
    - path: metrics/happy_recall.json
      md5: 8b20a29e27d9391202b8f3faca63afd9
      size: 16
    - path: metrics/precision.json
      md5: 9513f5a44be558da1bce1de3e127a6dd
      size: 33
    - path: metrics/recall.json
      md5: c34712de663889ba2c7f9e825a2697ad
      size: 16
    - path: metrics/roc_auc.json
      md5: be54fc68623337ea517728b810232bcf
      size: 23
    - path: metrics/sad_f1_score.json
      md5: bbbf6a4977393a513db0e558202502ce
      size: 32
    - path: metrics/sad_precision.json
      md5: a5c514af06b49112213076e47f5b3c6d
      size: 33
    - path: metrics/sad_recall.json
      md5: 45146c1c1b67cae659c7d8ed039cbf4b
      size: 16
    - path: plots/classes.csv
      md5: 12296bb6cc9551e0beb4111f3188e329
      size: 1110
